// !$*UTF8*$!
{
	archiveVersion = 1;
	classes = {
	};
	objectVersion = 56;
	objects = {

/* Begin PBXBuildFile section */
		F9118A3329DF299400B530D6 /* SnapKit in Frameworks */ = {isa = PBXBuildFile; productRef = F9118A3229DF299400B530D6 /* SnapKit */; };
		F918018629CEECCB00767F16 /* AppDelegate.swift in Sources */ = {isa = PBXBuildFile; fileRef = F918018529CEECCB00767F16 /* AppDelegate.swift */; };
		F918018829CEECCB00767F16 /* SceneDelegate.swift in Sources */ = {isa = PBXBuildFile; fileRef = F918018729CEECCB00767F16 /* SceneDelegate.swift */; };
		F918018A29CEECCB00767F16 /* TrackersViewController.swift in Sources */ = {isa = PBXBuildFile; fileRef = F918018929CEECCB00767F16 /* TrackersViewController.swift */; };
		F918018F29CEECCC00767F16 /* Assets.xcassets in Resources */ = {isa = PBXBuildFile; fileRef = F918018E29CEECCC00767F16 /* Assets.xcassets */; };
		F918019229CEECCC00767F16 /* LaunchScreen.storyboard in Resources */ = {isa = PBXBuildFile; fileRef = F918019029CEECCC00767F16 /* LaunchScreen.storyboard */; };
		F918019B29CEED3C00767F16 /* UIColor+Extension.swift in Sources */ = {isa = PBXBuildFile; fileRef = F918019A29CEED3C00767F16 /* UIColor+Extension.swift */; };
		F967CCC029E08C2F00E3C811 /* DataSourceEmojisColor.swift in Sources */ = {isa = PBXBuildFile; fileRef = F967CCBF29E08C2F00E3C811 /* DataSourceEmojisColor.swift */; };
		F967CCC729E0901000E3C811 /* DataForTableInCreateTrackerController.swift.swift in Sources */ = {isa = PBXBuildFile; fileRef = F967CCC629E0901000E3C811 /* DataForTableInCreateTrackerController.swift.swift */; };
		F967CCCD29E1604B00E3C811 /* WeekDays.swift in Sources */ = {isa = PBXBuildFile; fileRef = F967CCCC29E1604B00E3C811 /* WeekDays.swift */; };
		F967CCF229E1B5CE00E3C811 /* CategoriesListViewController.swift in Sources */ = {isa = PBXBuildFile; fileRef = F967CCF129E1B5CE00E3C811 /* CategoriesListViewController.swift */; };
		F967CCF529E1B78900E3C811 /* ActionButton.swift in Sources */ = {isa = PBXBuildFile; fileRef = F967CCF429E1B78900E3C811 /* ActionButton.swift */; };
		F967CCF729E1BA8200E3C811 /* UIFont+Extension.swift in Sources */ = {isa = PBXBuildFile; fileRef = F967CCF629E1BA8200E3C811 /* UIFont+Extension.swift */; };
		F967CCF929E1C75F00E3C811 /* FrameViewController.swift in Sources */ = {isa = PBXBuildFile; fileRef = F967CCF829E1C75F00E3C811 /* FrameViewController.swift */; };
		F96F65E929F05DE800C72A6A /* TrackerModel.xcdatamodeld in Sources */ = {isa = PBXBuildFile; fileRef = F96F65E729F05DE800C72A6A /* TrackerModel.xcdatamodeld */; };
		F97774B329D2D69C00959E7C /* MainTabBarController.swift in Sources */ = {isa = PBXBuildFile; fileRef = F97774B229D2D69C00959E7C /* MainTabBarController.swift */; };
		F97774B529D2DB5900959E7C /* StatisticViewController.swift in Sources */ = {isa = PBXBuildFile; fileRef = F97774B429D2DB5900959E7C /* StatisticViewController.swift */; };
		F97774B729D2DE5400959E7C /* UIImage+Extension.swift in Sources */ = {isa = PBXBuildFile; fileRef = F97774B629D2DE5400959E7C /* UIImage+Extension.swift */; };
		F97774B929D2EA6C00959E7C /* TrackerHeaderView.swift in Sources */ = {isa = PBXBuildFile; fileRef = F97774B829D2EA6C00959E7C /* TrackerHeaderView.swift */; };
		F97774DD29D3360100959E7C /* SearchView.swift in Sources */ = {isa = PBXBuildFile; fileRef = F97774DC29D3360100959E7C /* SearchView.swift */; };
		F97774DF29D34F7700959E7C /* GeometryParams.swift in Sources */ = {isa = PBXBuildFile; fileRef = F97774DE29D34F7700959E7C /* GeometryParams.swift */; };
		F97774E129D35AB600959E7C /* TrackerCollectionViewCell.swift in Sources */ = {isa = PBXBuildFile; fileRef = F97774E029D35AB600959E7C /* TrackerCollectionViewCell.swift */; };
		F97774E329D3631500959E7C /* UIView+Extension.swift in Sources */ = {isa = PBXBuildFile; fileRef = F97774E229D3631500959E7C /* UIView+Extension.swift */; };
		F97774E729D3722F00959E7C /* Tracker.swift in Sources */ = {isa = PBXBuildFile; fileRef = F97774E629D3722F00959E7C /* Tracker.swift */; };
		F97774E929D3728C00959E7C /* TrackerCategory.swift in Sources */ = {isa = PBXBuildFile; fileRef = F97774E829D3728C00959E7C /* TrackerCategory.swift */; };
		F97774EB29D377AA00959E7C /* TrackerRecord.swift in Sources */ = {isa = PBXBuildFile; fileRef = F97774EA29D377AA00959E7C /* TrackerRecord.swift */; };
		F97774EF29D4456100959E7C /* TrackerCategoryCollectionReusableView.swift in Sources */ = {isa = PBXBuildFile; fileRef = F97774EE29D4456100959E7C /* TrackerCategoryCollectionReusableView.swift */; };
		F97774F129D44CD900959E7C /* ChooseTrackerViewController.swift in Sources */ = {isa = PBXBuildFile; fileRef = F97774F029D44CD800959E7C /* ChooseTrackerViewController.swift */; };
		F97E3BFE29FD2AB8001C252E /* AssemblyBuilder.swift in Sources */ = {isa = PBXBuildFile; fileRef = F97E3BFD29FD2AB8001C252E /* AssemblyBuilder.swift */; };
		F97E3C0029FD2D88001C252E /* Router.swift in Sources */ = {isa = PBXBuildFile; fileRef = F97E3BFF29FD2D88001C252E /* Router.swift */; };
		F97E3C0629FE7056001C252E /* CategoriesListViewModel.swift in Sources */ = {isa = PBXBuildFile; fileRef = F97E3C0529FE7056001C252E /* CategoriesListViewModel.swift */; };
		F97E3C0829FE72C2001C252E /* Observable.swift in Sources */ = {isa = PBXBuildFile; fileRef = F97E3C0729FE72C2001C252E /* Observable.swift */; };
		F97E3C0A29FEBC99001C252E /* Context.swift in Sources */ = {isa = PBXBuildFile; fileRef = F97E3C0929FEBC99001C252E /* Context.swift */; };
		F97E3C0D29FEC053001C252E /* CategoryViewModel.swift in Sources */ = {isa = PBXBuildFile; fileRef = F97E3C0C29FEC053001C252E /* CategoryViewModel.swift */; };
		F97E8FD929E328B4002BB0C8 /* UITableView+Extension.swift in Sources */ = {isa = PBXBuildFile; fileRef = F97E8FD829E328B4002BB0C8 /* UITableView+Extension.swift */; };
		F97E8FDD29E34CFA002BB0C8 /* CreateNewCategoryViewController.swift in Sources */ = {isa = PBXBuildFile; fileRef = F97E8FDC29E34CFA002BB0C8 /* CreateNewCategoryViewController.swift */; };
		F97E8FDF29E34E2B002BB0C8 /* TrackerUITextField.swift in Sources */ = {isa = PBXBuildFile; fileRef = F97E8FDE29E34E2B002BB0C8 /* TrackerUITextField.swift */; };
		F97E8FE229E3FF82002BB0C8 /* CGFloat+Extension.swift in Sources */ = {isa = PBXBuildFile; fileRef = F97E8FE129E3FF82002BB0C8 /* CGFloat+Extension.swift */; };
		F97E8FE429E407E5002BB0C8 /* UICollectionView+Extension.swift in Sources */ = {isa = PBXBuildFile; fileRef = F97E8FE329E407E5002BB0C8 /* UICollectionView+Extension.swift */; };
		F98235CF29FBD1E700B7CEEC /* OnboardingViewController.swift in Sources */ = {isa = PBXBuildFile; fileRef = F98235CE29FBD1E700B7CEEC /* OnboardingViewController.swift */; };
		F98840D729F1408B00422FD5 /* TrackerStore.swift in Sources */ = {isa = PBXBuildFile; fileRef = F98840D629F1408B00422FD5 /* TrackerStore.swift */; };
		F98840D929F1409500422FD5 /* TrackerCategoryStore.swift in Sources */ = {isa = PBXBuildFile; fileRef = F98840D829F1409500422FD5 /* TrackerCategoryStore.swift */; };
		F98840DB29F140AC00422FD5 /* TrackerRecordStore.swift in Sources */ = {isa = PBXBuildFile; fileRef = F98840DA29F140AC00422FD5 /* TrackerRecordStore.swift */; };
		F98840DF29F1699F00422FD5 /* DataProvider.swift in Sources */ = {isa = PBXBuildFile; fileRef = F98840DE29F1699F00422FD5 /* DataProvider.swift */; };
		F9B926E129E7E57200D98F28 /* UIButton+Extension.swift in Sources */ = {isa = PBXBuildFile; fileRef = F9B926E029E7E57200D98F28 /* UIButton+Extension.swift */; };
		F9B926E529E85BEB00D98F28 /* Array+Extension.swift in Sources */ = {isa = PBXBuildFile; fileRef = F9B926E429E85BEB00D98F28 /* Array+Extension.swift */; };
		F9B926E929E86AA700D98F28 /* LayoutAnimation.swift in Sources */ = {isa = PBXBuildFile; fileRef = F9B926E829E86AA700D98F28 /* LayoutAnimation.swift */; };
		F9BB8C9029DDC6CA00F03FF9 /* User.swift in Sources */ = {isa = PBXBuildFile; fileRef = F9BB8C8F29DDC6CA00F03FF9 /* User.swift */; };
		F9D87F5629F814A40085C483 /* PredicateBuilder.swift in Sources */ = {isa = PBXBuildFile; fileRef = F9D87F5529F814A40085C483 /* PredicateBuilder.swift */; };
		F9EC69BC29E2C76E00D77C5F /* CategoryTableViewCell.swift in Sources */ = {isa = PBXBuildFile; fileRef = F9EC69BB29E2C76E00D77C5F /* CategoryTableViewCell.swift */; };
		F9F1233029D897B60039D1B3 /* CreateTrackerViewController.swift in Sources */ = {isa = PBXBuildFile; fileRef = F9F1232F29D897B60039D1B3 /* CreateTrackerViewController.swift */; };
		F9F1233B29D899050039D1B3 /* CollectionReusableView.swift in Sources */ = {isa = PBXBuildFile; fileRef = F9F1233529D899050039D1B3 /* CollectionReusableView.swift */; };
		F9F1233C29D899050039D1B3 /* TrackerColorCollectionViewCell.swift in Sources */ = {isa = PBXBuildFile; fileRef = F9F1233629D899050039D1B3 /* TrackerColorCollectionViewCell.swift */; };
		F9F1233E29D899050039D1B3 /* TrackerEmojiCollectionViewCell.swift in Sources */ = {isa = PBXBuildFile; fileRef = F9F1233829D899050039D1B3 /* TrackerEmojiCollectionViewCell.swift */; };
		F9F1234029D899050039D1B3 /* MyTableViewCell.swift in Sources */ = {isa = PBXBuildFile; fileRef = F9F1233A29D899050039D1B3 /* MyTableViewCell.swift */; };
		F9F1236229D8ADE90039D1B3 /* PlaceholderView.swift in Sources */ = {isa = PBXBuildFile; fileRef = F9F1236129D8ADE90039D1B3 /* PlaceholderView.swift */; };
		F9F1236429D9E25C0039D1B3 /* TrackerMaker.swift in Sources */ = {isa = PBXBuildFile; fileRef = F9F1236329D9E25C0039D1B3 /* TrackerMaker.swift */; };
		F9F1236829DB60A40039D1B3 /* Date+Extension.swift in Sources */ = {isa = PBXBuildFile; fileRef = F9F1236729DB60A40039D1B3 /* Date+Extension.swift */; };
		F9F1236A29DC282D0039D1B3 /* ChooseScheduleViewController.swift in Sources */ = {isa = PBXBuildFile; fileRef = F9F1236929DC282C0039D1B3 /* ChooseScheduleViewController.swift */; };
		F9F1238C29DC35440039D1B3 /* ScheduleTableViewCell.swift in Sources */ = {isa = PBXBuildFile; fileRef = F9F1238B29DC35440039D1B3 /* ScheduleTableViewCell.swift */; };
/* End PBXBuildFile section */

/* Begin PBXFileReference section */
		F918018229CEECCB00767F16 /* Tracker.app */ = {isa = PBXFileReference; explicitFileType = wrapper.application; includeInIndex = 0; path = Tracker.app; sourceTree = BUILT_PRODUCTS_DIR; };
		F918018529CEECCB00767F16 /* AppDelegate.swift */ = {isa = PBXFileReference; lastKnownFileType = sourcecode.swift; path = AppDelegate.swift; sourceTree = "<group>"; };
		F918018729CEECCB00767F16 /* SceneDelegate.swift */ = {isa = PBXFileReference; lastKnownFileType = sourcecode.swift; path = SceneDelegate.swift; sourceTree = "<group>"; };
		F918018929CEECCB00767F16 /* TrackersViewController.swift */ = {isa = PBXFileReference; lastKnownFileType = sourcecode.swift; path = TrackersViewController.swift; sourceTree = "<group>"; };
		F918018E29CEECCC00767F16 /* Assets.xcassets */ = {isa = PBXFileReference; lastKnownFileType = folder.assetcatalog; path = Assets.xcassets; sourceTree = "<group>"; };
		F918019129CEECCC00767F16 /* Base */ = {isa = PBXFileReference; lastKnownFileType = file.storyboard; name = Base; path = Base.lproj/LaunchScreen.storyboard; sourceTree = "<group>"; };
		F918019329CEECCC00767F16 /* Info.plist */ = {isa = PBXFileReference; lastKnownFileType = text.plist.xml; path = Info.plist; sourceTree = "<group>"; };
		F918019A29CEED3C00767F16 /* UIColor+Extension.swift */ = {isa = PBXFileReference; lastKnownFileType = sourcecode.swift; path = "UIColor+Extension.swift"; sourceTree = "<group>"; };
		F967CCBF29E08C2F00E3C811 /* DataSourceEmojisColor.swift */ = {isa = PBXFileReference; lastKnownFileType = sourcecode.swift; path = DataSourceEmojisColor.swift; sourceTree = "<group>"; };
		F967CCC629E0901000E3C811 /* DataForTableInCreateTrackerController.swift.swift */ = {isa = PBXFileReference; lastKnownFileType = sourcecode.swift; path = DataForTableInCreateTrackerController.swift.swift; sourceTree = "<group>"; };
		F967CCCC29E1604B00E3C811 /* WeekDays.swift */ = {isa = PBXFileReference; lastKnownFileType = sourcecode.swift; path = WeekDays.swift; sourceTree = "<group>"; };
		F967CCF129E1B5CE00E3C811 /* CategoriesListViewController.swift */ = {isa = PBXFileReference; lastKnownFileType = sourcecode.swift; path = CategoriesListViewController.swift; sourceTree = "<group>"; };
		F967CCF429E1B78900E3C811 /* ActionButton.swift */ = {isa = PBXFileReference; lastKnownFileType = sourcecode.swift; path = ActionButton.swift; sourceTree = "<group>"; };
		F967CCF629E1BA8200E3C811 /* UIFont+Extension.swift */ = {isa = PBXFileReference; lastKnownFileType = sourcecode.swift; path = "UIFont+Extension.swift"; sourceTree = "<group>"; };
		F967CCF829E1C75F00E3C811 /* FrameViewController.swift */ = {isa = PBXFileReference; lastKnownFileType = sourcecode.swift; path = FrameViewController.swift; sourceTree = "<group>"; };
		F96F65E829F05DE800C72A6A /* CoreDataTracker.xcdatamodel */ = {isa = PBXFileReference; lastKnownFileType = wrapper.xcdatamodel; path = CoreDataTracker.xcdatamodel; sourceTree = "<group>"; };
		F97774B229D2D69C00959E7C /* MainTabBarController.swift */ = {isa = PBXFileReference; lastKnownFileType = sourcecode.swift; path = MainTabBarController.swift; sourceTree = "<group>"; };
		F97774B429D2DB5900959E7C /* StatisticViewController.swift */ = {isa = PBXFileReference; lastKnownFileType = sourcecode.swift; path = StatisticViewController.swift; sourceTree = "<group>"; };
		F97774B629D2DE5400959E7C /* UIImage+Extension.swift */ = {isa = PBXFileReference; lastKnownFileType = sourcecode.swift; path = "UIImage+Extension.swift"; sourceTree = "<group>"; };
		F97774B829D2EA6C00959E7C /* TrackerHeaderView.swift */ = {isa = PBXFileReference; lastKnownFileType = sourcecode.swift; path = TrackerHeaderView.swift; sourceTree = "<group>"; };
		F97774DC29D3360100959E7C /* SearchView.swift */ = {isa = PBXFileReference; lastKnownFileType = sourcecode.swift; path = SearchView.swift; sourceTree = "<group>"; };
		F97774DE29D34F7700959E7C /* GeometryParams.swift */ = {isa = PBXFileReference; lastKnownFileType = sourcecode.swift; path = GeometryParams.swift; sourceTree = "<group>"; };
		F97774E029D35AB600959E7C /* TrackerCollectionViewCell.swift */ = {isa = PBXFileReference; lastKnownFileType = sourcecode.swift; path = TrackerCollectionViewCell.swift; sourceTree = "<group>"; };
		F97774E229D3631500959E7C /* UIView+Extension.swift */ = {isa = PBXFileReference; lastKnownFileType = sourcecode.swift; path = "UIView+Extension.swift"; sourceTree = "<group>"; };
		F97774E629D3722F00959E7C /* Tracker.swift */ = {isa = PBXFileReference; lastKnownFileType = sourcecode.swift; path = Tracker.swift; sourceTree = "<group>"; };
		F97774E829D3728C00959E7C /* TrackerCategory.swift */ = {isa = PBXFileReference; lastKnownFileType = sourcecode.swift; path = TrackerCategory.swift; sourceTree = "<group>"; };
		F97774EA29D377AA00959E7C /* TrackerRecord.swift */ = {isa = PBXFileReference; lastKnownFileType = sourcecode.swift; path = TrackerRecord.swift; sourceTree = "<group>"; };
		F97774EE29D4456100959E7C /* TrackerCategoryCollectionReusableView.swift */ = {isa = PBXFileReference; lastKnownFileType = sourcecode.swift; path = TrackerCategoryCollectionReusableView.swift; sourceTree = "<group>"; };
		F97774F029D44CD800959E7C /* ChooseTrackerViewController.swift */ = {isa = PBXFileReference; lastKnownFileType = sourcecode.swift; path = ChooseTrackerViewController.swift; sourceTree = "<group>"; };
		F97E3BFD29FD2AB8001C252E /* AssemblyBuilder.swift */ = {isa = PBXFileReference; lastKnownFileType = sourcecode.swift; path = AssemblyBuilder.swift; sourceTree = "<group>"; };
		F97E3BFF29FD2D88001C252E /* Router.swift */ = {isa = PBXFileReference; lastKnownFileType = sourcecode.swift; path = Router.swift; sourceTree = "<group>"; };
		F97E3C0529FE7056001C252E /* CategoriesListViewModel.swift */ = {isa = PBXFileReference; lastKnownFileType = sourcecode.swift; path = CategoriesListViewModel.swift; sourceTree = "<group>"; };
		F97E3C0729FE72C2001C252E /* Observable.swift */ = {isa = PBXFileReference; lastKnownFileType = sourcecode.swift; path = Observable.swift; sourceTree = "<group>"; };
		F97E3C0929FEBC99001C252E /* Context.swift */ = {isa = PBXFileReference; lastKnownFileType = sourcecode.swift; path = Context.swift; sourceTree = "<group>"; };
		F97E3C0C29FEC053001C252E /* CategoryViewModel.swift */ = {isa = PBXFileReference; lastKnownFileType = sourcecode.swift; path = CategoryViewModel.swift; sourceTree = "<group>"; };
		F97E8FD829E328B4002BB0C8 /* UITableView+Extension.swift */ = {isa = PBXFileReference; lastKnownFileType = sourcecode.swift; path = "UITableView+Extension.swift"; sourceTree = "<group>"; };
		F97E8FDC29E34CFA002BB0C8 /* CreateNewCategoryViewController.swift */ = {isa = PBXFileReference; lastKnownFileType = sourcecode.swift; path = CreateNewCategoryViewController.swift; sourceTree = "<group>"; };
		F97E8FDE29E34E2B002BB0C8 /* TrackerUITextField.swift */ = {isa = PBXFileReference; lastKnownFileType = sourcecode.swift; path = TrackerUITextField.swift; sourceTree = "<group>"; };
		F97E8FE129E3FF82002BB0C8 /* CGFloat+Extension.swift */ = {isa = PBXFileReference; lastKnownFileType = sourcecode.swift; path = "CGFloat+Extension.swift"; sourceTree = "<group>"; };
		F97E8FE329E407E5002BB0C8 /* UICollectionView+Extension.swift */ = {isa = PBXFileReference; lastKnownFileType = sourcecode.swift; path = "UICollectionView+Extension.swift"; sourceTree = "<group>"; };
		F98235CE29FBD1E700B7CEEC /* OnboardingViewController.swift */ = {isa = PBXFileReference; lastKnownFileType = sourcecode.swift; path = OnboardingViewController.swift; sourceTree = "<group>"; };
		F98840D629F1408B00422FD5 /* TrackerStore.swift */ = {isa = PBXFileReference; lastKnownFileType = sourcecode.swift; path = TrackerStore.swift; sourceTree = "<group>"; };
		F98840D829F1409500422FD5 /* TrackerCategoryStore.swift */ = {isa = PBXFileReference; lastKnownFileType = sourcecode.swift; path = TrackerCategoryStore.swift; sourceTree = "<group>"; };
		F98840DA29F140AC00422FD5 /* TrackerRecordStore.swift */ = {isa = PBXFileReference; lastKnownFileType = sourcecode.swift; path = TrackerRecordStore.swift; sourceTree = "<group>"; };
		F98840DE29F1699F00422FD5 /* DataProvider.swift */ = {isa = PBXFileReference; lastKnownFileType = sourcecode.swift; path = DataProvider.swift; sourceTree = "<group>"; };
		F9B926E029E7E57200D98F28 /* UIButton+Extension.swift */ = {isa = PBXFileReference; lastKnownFileType = sourcecode.swift; path = "UIButton+Extension.swift"; sourceTree = "<group>"; };
		F9B926E429E85BEB00D98F28 /* Array+Extension.swift */ = {isa = PBXFileReference; lastKnownFileType = sourcecode.swift; path = "Array+Extension.swift"; sourceTree = "<group>"; };
		F9B926E829E86AA700D98F28 /* LayoutAnimation.swift */ = {isa = PBXFileReference; lastKnownFileType = sourcecode.swift; path = LayoutAnimation.swift; sourceTree = "<group>"; };
		F9BB8C8F29DDC6CA00F03FF9 /* User.swift */ = {isa = PBXFileReference; lastKnownFileType = sourcecode.swift; path = User.swift; sourceTree = "<group>"; };
		F9D87F5529F814A40085C483 /* PredicateBuilder.swift */ = {isa = PBXFileReference; lastKnownFileType = sourcecode.swift; path = PredicateBuilder.swift; sourceTree = "<group>"; };
		F9EC69BB29E2C76E00D77C5F /* CategoryTableViewCell.swift */ = {isa = PBXFileReference; lastKnownFileType = sourcecode.swift; path = CategoryTableViewCell.swift; sourceTree = "<group>"; };
		F9F1232F29D897B60039D1B3 /* CreateTrackerViewController.swift */ = {isa = PBXFileReference; lastKnownFileType = sourcecode.swift; path = CreateTrackerViewController.swift; sourceTree = "<group>"; };
		F9F1233529D899050039D1B3 /* CollectionReusableView.swift */ = {isa = PBXFileReference; fileEncoding = 4; lastKnownFileType = sourcecode.swift; path = CollectionReusableView.swift; sourceTree = "<group>"; };
		F9F1233629D899050039D1B3 /* TrackerColorCollectionViewCell.swift */ = {isa = PBXFileReference; fileEncoding = 4; lastKnownFileType = sourcecode.swift; path = TrackerColorCollectionViewCell.swift; sourceTree = "<group>"; };
		F9F1233829D899050039D1B3 /* TrackerEmojiCollectionViewCell.swift */ = {isa = PBXFileReference; fileEncoding = 4; lastKnownFileType = sourcecode.swift; path = TrackerEmojiCollectionViewCell.swift; sourceTree = "<group>"; };
		F9F1233A29D899050039D1B3 /* MyTableViewCell.swift */ = {isa = PBXFileReference; fileEncoding = 4; lastKnownFileType = sourcecode.swift; path = MyTableViewCell.swift; sourceTree = "<group>"; };
		F9F1236129D8ADE90039D1B3 /* PlaceholderView.swift */ = {isa = PBXFileReference; lastKnownFileType = sourcecode.swift; path = PlaceholderView.swift; sourceTree = "<group>"; };
		F9F1236329D9E25C0039D1B3 /* TrackerMaker.swift */ = {isa = PBXFileReference; lastKnownFileType = sourcecode.swift; path = TrackerMaker.swift; sourceTree = "<group>"; };
		F9F1236729DB60A40039D1B3 /* Date+Extension.swift */ = {isa = PBXFileReference; lastKnownFileType = sourcecode.swift; path = "Date+Extension.swift"; sourceTree = "<group>"; };
		F9F1236929DC282C0039D1B3 /* ChooseScheduleViewController.swift */ = {isa = PBXFileReference; lastKnownFileType = sourcecode.swift; path = ChooseScheduleViewController.swift; sourceTree = "<group>"; };
		F9F1238B29DC35440039D1B3 /* ScheduleTableViewCell.swift */ = {isa = PBXFileReference; lastKnownFileType = sourcecode.swift; path = ScheduleTableViewCell.swift; sourceTree = "<group>"; };
/* End PBXFileReference section */

/* Begin PBXFrameworksBuildPhase section */
		F918017F29CEECCB00767F16 /* Frameworks */ = {
			isa = PBXFrameworksBuildPhase;
			buildActionMask = 2147483647;
			files = (
				F9118A3329DF299400B530D6 /* SnapKit in Frameworks */,
			);
			runOnlyForDeploymentPostprocessing = 0;
		};
/* End PBXFrameworksBuildPhase section */

/* Begin PBXGroup section */
		F918017929CEECCB00767F16 = {
			isa = PBXGroup;
			children = (
				F918018429CEECCB00767F16 /* Tracker */,
				F918018329CEECCB00767F16 /* Products */,
			);
			sourceTree = "<group>";
		};
		F918018329CEECCB00767F16 /* Products */ = {
			isa = PBXGroup;
			children = (
				F918018229CEECCB00767F16 /* Tracker.app */,
			);
			name = Products;
			sourceTree = "<group>";
		};
		F918018429CEECCB00767F16 /* Tracker */ = {
			isa = PBXGroup;
			children = (
				F918019C29CEF35300767F16 /* Application */,
				F97774E529D3722200959E7C /* Models */,
				F967CCF329E1B6BE00E3C811 /* UIComponents */,
				F9E4C6D129D6CF0400F10B02 /* TabBar */,
				F97774ED29D4441A00959E7C /* Flow */,
				F96F65EA29F05E0000C72A6A /* CoreDataTracker */,
				F918019929CEED2600767F16 /* Resourses */,
			);
			path = Tracker;
			sourceTree = "<group>";
		};
		F918019929CEED2600767F16 /* Resourses */ = {
			isa = PBXGroup;
			children = (
				F918019029CEECCC00767F16 /* LaunchScreen.storyboard */,
				F918018E29CEECCC00767F16 /* Assets.xcassets */,
				F97E8FE029E3FF5C002BB0C8 /* Style */,
				F9B926E029E7E57200D98F28 /* UIButton+Extension.swift */,
				F97E8FD829E328B4002BB0C8 /* UITableView+Extension.swift */,
				F97E8FE329E407E5002BB0C8 /* UICollectionView+Extension.swift */,
				F97774E229D3631500959E7C /* UIView+Extension.swift */,
				F9F1236729DB60A40039D1B3 /* Date+Extension.swift */,
				F9B926E829E86AA700D98F28 /* LayoutAnimation.swift */,
				F918019329CEECCC00767F16 /* Info.plist */,
			);
			path = Resourses;
			sourceTree = "<group>";
		};
		F918019C29CEF35300767F16 /* Application */ = {
			isa = PBXGroup;
			children = (
				F918018529CEECCB00767F16 /* AppDelegate.swift */,
				F918018729CEECCB00767F16 /* SceneDelegate.swift */,
				F97E3BFD29FD2AB8001C252E /* AssemblyBuilder.swift */,
				F97E3BFF29FD2D88001C252E /* Router.swift */,
			);
			path = Application;
			sourceTree = "<group>";
		};
		F967CCC129E08D9A00E3C811 /* ChooseHabitViewController */ = {
			isa = PBXGroup;
			children = (
				F97774F029D44CD800959E7C /* ChooseTrackerViewController.swift */,
			);
			path = ChooseHabitViewController;
			sourceTree = "<group>";
		};
		F967CCC829E0928500E3C811 /* CreateTrackerViewController */ = {
			isa = PBXGroup;
			children = (
				F9F1232F29D897B60039D1B3 /* CreateTrackerViewController.swift */,
				F967CCC929E0929600E3C811 /* Views */,
			);
			path = CreateTrackerViewController;
			sourceTree = "<group>";
		};
		F967CCC929E0929600E3C811 /* Views */ = {
			isa = PBXGroup;
			children = (
				F9F1233A29D899050039D1B3 /* MyTableViewCell.swift */,
				F9F1233529D899050039D1B3 /* CollectionReusableView.swift */,
				F9F1233829D899050039D1B3 /* TrackerEmojiCollectionViewCell.swift */,
				F9F1233629D899050039D1B3 /* TrackerColorCollectionViewCell.swift */,
			);
			path = Views;
			sourceTree = "<group>";
		};
		F967CCCA29E092CF00E3C811 /* ChooseScheduleViewController */ = {
			isa = PBXGroup;
			children = (
				F9F1236929DC282C0039D1B3 /* ChooseScheduleViewController.swift */,
				F9F1233429D898DD0039D1B3 /* Views */,
			);
			path = ChooseScheduleViewController;
			sourceTree = "<group>";
		};
		F967CCCB29E093F800E3C811 /* StatisticFlow */ = {
			isa = PBXGroup;
			children = (
				F97774B429D2DB5900959E7C /* StatisticViewController.swift */,
			);
			path = StatisticFlow;
			sourceTree = "<group>";
		};
		F967CCF029E1B57F00E3C811 /* CreateCategoryFlow */ = {
			isa = PBXGroup;
			children = (
				F97E8FDA29E34C77002BB0C8 /* CategoriesListViewController */,
				F97E8FDB29E34C95002BB0C8 /* CreateNewCategoryViewController */,
			);
			path = CreateCategoryFlow;
			sourceTree = "<group>";
		};
		F967CCF329E1B6BE00E3C811 /* UIComponents */ = {
			isa = PBXGroup;
			children = (
				F967CCF429E1B78900E3C811 /* ActionButton.swift */,
				F9F1236129D8ADE90039D1B3 /* PlaceholderView.swift */,
				F97E8FDE29E34E2B002BB0C8 /* TrackerUITextField.swift */,
				F967CCF829E1C75F00E3C811 /* FrameViewController.swift */,
			);
			path = UIComponents;
			sourceTree = "<group>";
		};
		F96F65EA29F05E0000C72A6A /* CoreDataTracker */ = {
			isa = PBXGroup;
			children = (
				F96F65E729F05DE800C72A6A /* TrackerModel.xcdatamodeld */,
				F98840D529F13FB800422FD5 /* CoreDataStores */,
			);
			path = CoreDataTracker;
			sourceTree = "<group>";
		};
		F97774E529D3722200959E7C /* Models */ = {
			isa = PBXGroup;
			children = (
				F97774E629D3722F00959E7C /* Tracker.swift */,
				F97774E829D3728C00959E7C /* TrackerCategory.swift */,
				F97774EA29D377AA00959E7C /* TrackerRecord.swift */,
				F97774DE29D34F7700959E7C /* GeometryParams.swift */,
				F967CCCC29E1604B00E3C811 /* WeekDays.swift */,
				F9BB8C8F29DDC6CA00F03FF9 /* User.swift */,
				F9F1236329D9E25C0039D1B3 /* TrackerMaker.swift */,
				F967CCC629E0901000E3C811 /* DataForTableInCreateTrackerController.swift.swift */,
				F967CCBF29E08C2F00E3C811 /* DataSourceEmojisColor.swift */,
				F97E3C0729FE72C2001C252E /* Observable.swift */,
			);
			path = Models;
			sourceTree = "<group>";
		};
		F97774ED29D4441A00959E7C /* Flow */ = {
			isa = PBXGroup;
			children = (
				F98235CD29FBD1CC00B7CEEC /* OnboardingFlow */,
				F9F1233229D897F40039D1B3 /* MainTrackerFlow */,
				F977751A29D4BCAB00959E7C /* CreateNewTrackerFlow */,
				F967CCCB29E093F800E3C811 /* StatisticFlow */,
			);
			path = Flow;
			sourceTree = "<group>";
		};
		F977751A29D4BCAB00959E7C /* CreateNewTrackerFlow */ = {
			isa = PBXGroup;
			children = (
				F967CCC129E08D9A00E3C811 /* ChooseHabitViewController */,
				F967CCC829E0928500E3C811 /* CreateTrackerViewController */,
				F967CCF029E1B57F00E3C811 /* CreateCategoryFlow */,
				F967CCCA29E092CF00E3C811 /* ChooseScheduleViewController */,
			);
			path = CreateNewTrackerFlow;
			sourceTree = "<group>";
		};
		F97E3C0B29FEC02E001C252E /* ViewModels */ = {
			isa = PBXGroup;
			children = (
				F97E3C0529FE7056001C252E /* CategoriesListViewModel.swift */,
				F97E3C0C29FEC053001C252E /* CategoryViewModel.swift */,
			);
			path = ViewModels;
			sourceTree = "<group>";
		};
		F97E8FDA29E34C77002BB0C8 /* CategoriesListViewController */ = {
			isa = PBXGroup;
			children = (
				F9EC69BA29E2C75100D77C5F /* Views */,
				F97E3C0B29FEC02E001C252E /* ViewModels */,
			);
			path = CategoriesListViewController;
			sourceTree = "<group>";
		};
		F97E8FDB29E34C95002BB0C8 /* CreateNewCategoryViewController */ = {
			isa = PBXGroup;
			children = (
				F97E8FDC29E34CFA002BB0C8 /* CreateNewCategoryViewController.swift */,
			);
			path = CreateNewCategoryViewController;
			sourceTree = "<group>";
		};
		F97E8FE029E3FF5C002BB0C8 /* Style */ = {
			isa = PBXGroup;
			children = (
				F918019A29CEED3C00767F16 /* UIColor+Extension.swift */,
				F967CCF629E1BA8200E3C811 /* UIFont+Extension.swift */,
				F97774B629D2DE5400959E7C /* UIImage+Extension.swift */,
				F97E8FE129E3FF82002BB0C8 /* CGFloat+Extension.swift */,
				F9B926E429E85BEB00D98F28 /* Array+Extension.swift */,
			);
			path = Style;
			sourceTree = "<group>";
		};
		F98235CD29FBD1CC00B7CEEC /* OnboardingFlow */ = {
			isa = PBXGroup;
			children = (
				F98235CE29FBD1E700B7CEEC /* OnboardingViewController.swift */,
			);
			path = OnboardingFlow;
			sourceTree = "<group>";
		};
		F98840D529F13FB800422FD5 /* CoreDataStores */ = {
			isa = PBXGroup;
			children = (
				F98840D629F1408B00422FD5 /* TrackerStore.swift */,
				F98840D829F1409500422FD5 /* TrackerCategoryStore.swift */,
				F98840DA29F140AC00422FD5 /* TrackerRecordStore.swift */,
				F98840DE29F1699F00422FD5 /* DataProvider.swift */,
				F9D87F5529F814A40085C483 /* PredicateBuilder.swift */,
				F97E3C0929FEBC99001C252E /* Context.swift */,
			);
			path = CoreDataStores;
			sourceTree = "<group>";
		};
		F9E4C6D129D6CF0400F10B02 /* TabBar */ = {
			isa = PBXGroup;
			children = (
				F97774B229D2D69C00959E7C /* MainTabBarController.swift */,
			);
			path = TabBar;
			sourceTree = "<group>";
		};
		F9EC69BA29E2C75100D77C5F /* Views */ = {
			isa = PBXGroup;
			children = (
				F967CCF129E1B5CE00E3C811 /* CategoriesListViewController.swift */,
				F9EC69BB29E2C76E00D77C5F /* CategoryTableViewCell.swift */,
			);
			path = Views;
			sourceTree = "<group>";
		};
		F9F1233229D897F40039D1B3 /* MainTrackerFlow */ = {
			isa = PBXGroup;
			children = (
				F918018929CEECCB00767F16 /* TrackersViewController.swift */,
				F9F1233329D898B20039D1B3 /* Views */,
			);
			path = MainTrackerFlow;
			sourceTree = "<group>";
		};
		F9F1233329D898B20039D1B3 /* Views */ = {
			isa = PBXGroup;
			children = (
				F97774DC29D3360100959E7C /* SearchView.swift */,
				F97774B829D2EA6C00959E7C /* TrackerHeaderView.swift */,
				F97774E029D35AB600959E7C /* TrackerCollectionViewCell.swift */,
				F97774EE29D4456100959E7C /* TrackerCategoryCollectionReusableView.swift */,
			);
			path = Views;
			sourceTree = "<group>";
		};
		F9F1233429D898DD0039D1B3 /* Views */ = {
			isa = PBXGroup;
			children = (
				F9F1238B29DC35440039D1B3 /* ScheduleTableViewCell.swift */,
			);
			path = Views;
			sourceTree = "<group>";
		};
/* End PBXGroup section */

/* Begin PBXNativeTarget section */
		F918018129CEECCB00767F16 /* Tracker */ = {
			isa = PBXNativeTarget;
			buildConfigurationList = F918019629CEECCC00767F16 /* Build configuration list for PBXNativeTarget "Tracker" */;
			buildPhases = (
				F918017E29CEECCB00767F16 /* Sources */,
				F918017F29CEECCB00767F16 /* Frameworks */,
				F918018029CEECCB00767F16 /* Resources */,
				F97774B129D2D4E600959E7C /* SwiftLint */,
			);
			buildRules = (
			);
			dependencies = (
			);
			name = Tracker;
			packageProductDependencies = (
				F9118A3229DF299400B530D6 /* SnapKit */,
			);
			productName = Tracker;
			productReference = F918018229CEECCB00767F16 /* Tracker.app */;
			productType = "com.apple.product-type.application";
		};
/* End PBXNativeTarget section */

/* Begin PBXProject section */
		F918017A29CEECCB00767F16 /* Project object */ = {
			isa = PBXProject;
			attributes = {
				BuildIndependentTargetsInParallel = 1;
				LastSwiftUpdateCheck = 1420;
				LastUpgradeCheck = 1420;
				TargetAttributes = {
					F918018129CEECCB00767F16 = {
						CreatedOnToolsVersion = 14.2;
					};
				};
			};
			buildConfigurationList = F918017D29CEECCB00767F16 /* Build configuration list for PBXProject "Tracker" */;
			compatibilityVersion = "Xcode 14.0";
			developmentRegion = en;
			hasScannedForEncodings = 0;
			knownRegions = (
				en,
				Base,
			);
			mainGroup = F918017929CEECCB00767F16;
			packageReferences = (
				F9118A3129DF299400B530D6 /* XCRemoteSwiftPackageReference "SnapKit" */,
			);
			productRefGroup = F918018329CEECCB00767F16 /* Products */;
			projectDirPath = "";
			projectRoot = "";
			targets = (
				F918018129CEECCB00767F16 /* Tracker */,
			);
		};
/* End PBXProject section */

/* Begin PBXResourcesBuildPhase section */
		F918018029CEECCB00767F16 /* Resources */ = {
			isa = PBXResourcesBuildPhase;
			buildActionMask = 2147483647;
			files = (
				F918019229CEECCC00767F16 /* LaunchScreen.storyboard in Resources */,
				F918018F29CEECCC00767F16 /* Assets.xcassets in Resources */,
			);
			runOnlyForDeploymentPostprocessing = 0;
		};
/* End PBXResourcesBuildPhase section */

/* Begin PBXShellScriptBuildPhase section */
		F97774B129D2D4E600959E7C /* SwiftLint */ = {
			isa = PBXShellScriptBuildPhase;
			alwaysOutOfDate = 1;
			buildActionMask = 2147483647;
			files = (
			);
			inputFileListPaths = (
			);
			inputPaths = (
			);
			name = SwiftLint;
			outputFileListPaths = (
			);
			outputPaths = (
			);
			runOnlyForDeploymentPostprocessing = 0;
			shellPath = /bin/sh;
			shellScript = "export PATH=\"$PATH:/opt/homebrew/bin\"\nif which swiftlint > /dev/null; then\n  swiftlint\nelse\n  echo \"warning: SwiftLint not installed, download from https://github.com/realm/SwiftLint\"\nfi\n";
		};
/* End PBXShellScriptBuildPhase section */

/* Begin PBXSourcesBuildPhase section */
		F918017E29CEECCB00767F16 /* Sources */ = {
			isa = PBXSourcesBuildPhase;
			buildActionMask = 2147483647;
			files = (
				F9F1236229D8ADE90039D1B3 /* PlaceholderView.swift in Sources */,
				F97774DD29D3360100959E7C /* SearchView.swift in Sources */,
				F98840DB29F140AC00422FD5 /* TrackerRecordStore.swift in Sources */,
				F97774E729D3722F00959E7C /* Tracker.swift in Sources */,
				F9B926E529E85BEB00D98F28 /* Array+Extension.swift in Sources */,
				F97774B729D2DE5400959E7C /* UIImage+Extension.swift in Sources */,
				F9F1233E29D899050039D1B3 /* TrackerEmojiCollectionViewCell.swift in Sources */,
				F918018A29CEECCB00767F16 /* TrackersViewController.swift in Sources */,
				F967CCF529E1B78900E3C811 /* ActionButton.swift in Sources */,
				F97E8FE229E3FF82002BB0C8 /* CGFloat+Extension.swift in Sources */,
				F97E3C0D29FEC053001C252E /* CategoryViewModel.swift in Sources */,
				F967CCC029E08C2F00E3C811 /* DataSourceEmojisColor.swift in Sources */,
				F97E3C0829FE72C2001C252E /* Observable.swift in Sources */,
				F97774B929D2EA6C00959E7C /* TrackerHeaderView.swift in Sources */,
				F97774EB29D377AA00959E7C /* TrackerRecord.swift in Sources */,
				F9EC69BC29E2C76E00D77C5F /* CategoryTableViewCell.swift in Sources */,
				F96F65E929F05DE800C72A6A /* TrackerModel.xcdatamodeld in Sources */,
				F9F1238C29DC35440039D1B3 /* ScheduleTableViewCell.swift in Sources */,
				F97774E329D3631500959E7C /* UIView+Extension.swift in Sources */,
				F9F1236429D9E25C0039D1B3 /* TrackerMaker.swift in Sources */,
				F98840D729F1408B00422FD5 /* TrackerStore.swift in Sources */,
				F97774F129D44CD900959E7C /* ChooseTrackerViewController.swift in Sources */,
				F97774E929D3728C00959E7C /* TrackerCategory.swift in Sources */,
				F9F1236A29DC282D0039D1B3 /* ChooseScheduleViewController.swift in Sources */,
				F967CCCD29E1604B00E3C811 /* WeekDays.swift in Sources */,
				F9BB8C9029DDC6CA00F03FF9 /* User.swift in Sources */,
				F9B926E929E86AA700D98F28 /* LayoutAnimation.swift in Sources */,
				F918018629CEECCB00767F16 /* AppDelegate.swift in Sources */,
				F97E3C0629FE7056001C252E /* CategoriesListViewModel.swift in Sources */,
				F9F1236829DB60A40039D1B3 /* Date+Extension.swift in Sources */,
				F97E3BFE29FD2AB8001C252E /* AssemblyBuilder.swift in Sources */,
				F97774E129D35AB600959E7C /* TrackerCollectionViewCell.swift in Sources */,
				F97774EF29D4456100959E7C /* TrackerCategoryCollectionReusableView.swift in Sources */,
				F9F1233C29D899050039D1B3 /* TrackerColorCollectionViewCell.swift in Sources */,
				F98840DF29F1699F00422FD5 /* DataProvider.swift in Sources */,
				F9F1234029D899050039D1B3 /* MyTableViewCell.swift in Sources */,
				F9F1233B29D899050039D1B3 /* CollectionReusableView.swift in Sources */,
				F97774DF29D34F7700959E7C /* GeometryParams.swift in Sources */,
				F97774B329D2D69C00959E7C /* MainTabBarController.swift in Sources */,
				F967CCF729E1BA8200E3C811 /* UIFont+Extension.swift in Sources */,
				F967CCF229E1B5CE00E3C811 /* CategoriesListViewController.swift in Sources */,
				F97E3C0029FD2D88001C252E /* Router.swift in Sources */,
				F98235CF29FBD1E700B7CEEC /* OnboardingViewController.swift in Sources */,
				F967CCF929E1C75F00E3C811 /* FrameViewController.swift in Sources */,
				F967CCC729E0901000E3C811 /* DataForTableInCreateTrackerController.swift.swift in Sources */,
				F97774B529D2DB5900959E7C /* StatisticViewController.swift in Sources */,
				F97E3C0A29FEBC99001C252E /* Context.swift in Sources */,
				F918018829CEECCB00767F16 /* SceneDelegate.swift in Sources */,
				F97E8FE429E407E5002BB0C8 /* UICollectionView+Extension.swift in Sources */,
				F9F1233029D897B60039D1B3 /* CreateTrackerViewController.swift in Sources */,
				F9D87F5629F814A40085C483 /* PredicateBuilder.swift in Sources */,
				F97E8FDD29E34CFA002BB0C8 /* CreateNewCategoryViewController.swift in Sources */,
				F918019B29CEED3C00767F16 /* UIColor+Extension.swift in Sources */,
				F98840D929F1409500422FD5 /* TrackerCategoryStore.swift in Sources */,
				F97E8FDF29E34E2B002BB0C8 /* TrackerUITextField.swift in Sources */,
				F97E8FD929E328B4002BB0C8 /* UITableView+Extension.swift in Sources */,
				F9B926E129E7E57200D98F28 /* UIButton+Extension.swift in Sources */,
			);
			runOnlyForDeploymentPostprocessing = 0;
		};
/* End PBXSourcesBuildPhase section */

/* Begin PBXVariantGroup section */
		F918019029CEECCC00767F16 /* LaunchScreen.storyboard */ = {
			isa = PBXVariantGroup;
			children = (
				F918019129CEECCC00767F16 /* Base */,
			);
			name = LaunchScreen.storyboard;
			sourceTree = "<group>";
		};
/* End PBXVariantGroup section */

/* Begin XCBuildConfiguration section */
		F918019429CEECCC00767F16 /* Debug */ = {
			isa = XCBuildConfiguration;
			buildSettings = {
				ALWAYS_SEARCH_USER_PATHS = NO;
				CLANG_ANALYZER_NONNULL = YES;
				CLANG_ANALYZER_NUMBER_OBJECT_CONVERSION = YES_AGGRESSIVE;
				CLANG_CXX_LANGUAGE_STANDARD = "gnu++20";
				CLANG_ENABLE_MODULES = YES;
				CLANG_ENABLE_OBJC_ARC = YES;
				CLANG_ENABLE_OBJC_WEAK = YES;
				CLANG_WARN_BLOCK_CAPTURE_AUTORELEASING = YES;
				CLANG_WARN_BOOL_CONVERSION = YES;
				CLANG_WARN_COMMA = YES;
				CLANG_WARN_CONSTANT_CONVERSION = YES;
				CLANG_WARN_DEPRECATED_OBJC_IMPLEMENTATIONS = YES;
				CLANG_WARN_DIRECT_OBJC_ISA_USAGE = YES_ERROR;
				CLANG_WARN_DOCUMENTATION_COMMENTS = YES;
				CLANG_WARN_EMPTY_BODY = YES;
				CLANG_WARN_ENUM_CONVERSION = YES;
				CLANG_WARN_INFINITE_RECURSION = YES;
				CLANG_WARN_INT_CONVERSION = YES;
				CLANG_WARN_NON_LITERAL_NULL_CONVERSION = YES;
				CLANG_WARN_OBJC_IMPLICIT_RETAIN_SELF = YES;
				CLANG_WARN_OBJC_LITERAL_CONVERSION = YES;
				CLANG_WARN_OBJC_ROOT_CLASS = YES_ERROR;
				CLANG_WARN_QUOTED_INCLUDE_IN_FRAMEWORK_HEADER = YES;
				CLANG_WARN_RANGE_LOOP_ANALYSIS = YES;
				CLANG_WARN_STRICT_PROTOTYPES = YES;
				CLANG_WARN_SUSPICIOUS_MOVE = YES;
				CLANG_WARN_UNGUARDED_AVAILABILITY = YES_AGGRESSIVE;
				CLANG_WARN_UNREACHABLE_CODE = YES;
				CLANG_WARN__DUPLICATE_METHOD_MATCH = YES;
				COPY_PHASE_STRIP = NO;
				DEBUG_INFORMATION_FORMAT = dwarf;
				ENABLE_STRICT_OBJC_MSGSEND = YES;
				ENABLE_TESTABILITY = YES;
				GCC_C_LANGUAGE_STANDARD = gnu11;
				GCC_DYNAMIC_NO_PIC = NO;
				GCC_NO_COMMON_BLOCKS = YES;
				GCC_OPTIMIZATION_LEVEL = 0;
				GCC_PREPROCESSOR_DEFINITIONS = (
					"DEBUG=1",
					"$(inherited)",
				);
				GCC_WARN_64_TO_32_BIT_CONVERSION = YES;
				GCC_WARN_ABOUT_RETURN_TYPE = YES_ERROR;
				GCC_WARN_UNDECLARED_SELECTOR = YES;
				GCC_WARN_UNINITIALIZED_AUTOS = YES_AGGRESSIVE;
				GCC_WARN_UNUSED_FUNCTION = YES;
				GCC_WARN_UNUSED_VARIABLE = YES;
				IPHONEOS_DEPLOYMENT_TARGET = 13.4;
				MTL_ENABLE_DEBUG_INFO = INCLUDE_SOURCE;
				MTL_FAST_MATH = YES;
				ONLY_ACTIVE_ARCH = YES;
				SDKROOT = iphoneos;
				SWIFT_ACTIVE_COMPILATION_CONDITIONS = DEBUG;
				SWIFT_OPTIMIZATION_LEVEL = "-Onone";
			};
			name = Debug;
		};
		F918019529CEECCC00767F16 /* Release */ = {
			isa = XCBuildConfiguration;
			buildSettings = {
				ALWAYS_SEARCH_USER_PATHS = NO;
				CLANG_ANALYZER_NONNULL = YES;
				CLANG_ANALYZER_NUMBER_OBJECT_CONVERSION = YES_AGGRESSIVE;
				CLANG_CXX_LANGUAGE_STANDARD = "gnu++20";
				CLANG_ENABLE_MODULES = YES;
				CLANG_ENABLE_OBJC_ARC = YES;
				CLANG_ENABLE_OBJC_WEAK = YES;
				CLANG_WARN_BLOCK_CAPTURE_AUTORELEASING = YES;
				CLANG_WARN_BOOL_CONVERSION = YES;
				CLANG_WARN_COMMA = YES;
				CLANG_WARN_CONSTANT_CONVERSION = YES;
				CLANG_WARN_DEPRECATED_OBJC_IMPLEMENTATIONS = YES;
				CLANG_WARN_DIRECT_OBJC_ISA_USAGE = YES_ERROR;
				CLANG_WARN_DOCUMENTATION_COMMENTS = YES;
				CLANG_WARN_EMPTY_BODY = YES;
				CLANG_WARN_ENUM_CONVERSION = YES;
				CLANG_WARN_INFINITE_RECURSION = YES;
				CLANG_WARN_INT_CONVERSION = YES;
				CLANG_WARN_NON_LITERAL_NULL_CONVERSION = YES;
				CLANG_WARN_OBJC_IMPLICIT_RETAIN_SELF = YES;
				CLANG_WARN_OBJC_LITERAL_CONVERSION = YES;
				CLANG_WARN_OBJC_ROOT_CLASS = YES_ERROR;
				CLANG_WARN_QUOTED_INCLUDE_IN_FRAMEWORK_HEADER = YES;
				CLANG_WARN_RANGE_LOOP_ANALYSIS = YES;
				CLANG_WARN_STRICT_PROTOTYPES = YES;
				CLANG_WARN_SUSPICIOUS_MOVE = YES;
				CLANG_WARN_UNGUARDED_AVAILABILITY = YES_AGGRESSIVE;
				CLANG_WARN_UNREACHABLE_CODE = YES;
				CLANG_WARN__DUPLICATE_METHOD_MATCH = YES;
				COPY_PHASE_STRIP = NO;
				DEBUG_INFORMATION_FORMAT = "dwarf-with-dsym";
				ENABLE_NS_ASSERTIONS = NO;
				ENABLE_STRICT_OBJC_MSGSEND = YES;
				GCC_C_LANGUAGE_STANDARD = gnu11;
				GCC_NO_COMMON_BLOCKS = YES;
				GCC_WARN_64_TO_32_BIT_CONVERSION = YES;
				GCC_WARN_ABOUT_RETURN_TYPE = YES_ERROR;
				GCC_WARN_UNDECLARED_SELECTOR = YES;
				GCC_WARN_UNINITIALIZED_AUTOS = YES_AGGRESSIVE;
				GCC_WARN_UNUSED_FUNCTION = YES;
				GCC_WARN_UNUSED_VARIABLE = YES;
				IPHONEOS_DEPLOYMENT_TARGET = 13.4;
				MTL_ENABLE_DEBUG_INFO = NO;
				MTL_FAST_MATH = YES;
				SDKROOT = iphoneos;
				SWIFT_COMPILATION_MODE = wholemodule;
				SWIFT_OPTIMIZATION_LEVEL = "-O";
				VALIDATE_PRODUCT = YES;
			};
			name = Release;
		};
		F918019729CEECCC00767F16 /* Debug */ = {
			isa = XCBuildConfiguration;
			buildSettings = {
				ASSETCATALOG_COMPILER_APPICON_NAME = AppIcon;
				ASSETCATALOG_COMPILER_GLOBAL_ACCENT_COLOR_NAME = AccentColor;
				CODE_SIGN_STYLE = Automatic;
				CURRENT_PROJECT_VERSION = 1;
				DEVELOPMENT_TEAM = LQ88P485N9;
				GENERATE_INFOPLIST_FILE = YES;
				INFOPLIST_FILE = Tracker/Resourses/Info.plist;
				INFOPLIST_KEY_UIApplicationSupportsIndirectInputEvents = YES;
				INFOPLIST_KEY_UILaunchStoryboardName = LaunchScreen;
				INFOPLIST_KEY_UIMainStoryboardFile = "";
				INFOPLIST_KEY_UISupportedInterfaceOrientations = UIInterfaceOrientationPortrait;
				INFOPLIST_KEY_UISupportedInterfaceOrientations_iPad = "UIInterfaceOrientationLandscapeLeft UIInterfaceOrientationLandscapeRight";
				LD_RUNPATH_SEARCH_PATHS = (
					"$(inherited)",
					"@executable_path/Frameworks",
				);
				MARKETING_VERSION = 1.0;
				PRODUCT_BUNDLE_IDENTIFIER = qwe.Tracker;
				PRODUCT_NAME = "$(TARGET_NAME)";
				SUPPORTED_PLATFORMS = "iphoneos iphonesimulator";
				SUPPORTS_MACCATALYST = NO;
				SUPPORTS_MAC_DESIGNED_FOR_IPHONE_IPAD = NO;
				SWIFT_EMIT_LOC_STRINGS = YES;
				SWIFT_VERSION = 5.0;
				TARGETED_DEVICE_FAMILY = 1;
			};
			name = Debug;
		};
		F918019829CEECCC00767F16 /* Release */ = {
			isa = XCBuildConfiguration;
			buildSettings = {
				ASSETCATALOG_COMPILER_APPICON_NAME = AppIcon;
				ASSETCATALOG_COMPILER_GLOBAL_ACCENT_COLOR_NAME = AccentColor;
				CODE_SIGN_STYLE = Automatic;
				CURRENT_PROJECT_VERSION = 1;
				DEVELOPMENT_TEAM = LQ88P485N9;
				GENERATE_INFOPLIST_FILE = YES;
				INFOPLIST_FILE = Tracker/Resourses/Info.plist;
				INFOPLIST_KEY_UIApplicationSupportsIndirectInputEvents = YES;
				INFOPLIST_KEY_UILaunchStoryboardName = LaunchScreen;
				INFOPLIST_KEY_UIMainStoryboardFile = "";
				INFOPLIST_KEY_UISupportedInterfaceOrientations = UIInterfaceOrientationPortrait;
				INFOPLIST_KEY_UISupportedInterfaceOrientations_iPad = "UIInterfaceOrientationLandscapeLeft UIInterfaceOrientationLandscapeRight";
				LD_RUNPATH_SEARCH_PATHS = (
					"$(inherited)",
					"@executable_path/Frameworks",
				);
				MARKETING_VERSION = 1.0;
				PRODUCT_BUNDLE_IDENTIFIER = qwe.Tracker;
				PRODUCT_NAME = "$(TARGET_NAME)";
				SUPPORTED_PLATFORMS = "iphoneos iphonesimulator";
				SUPPORTS_MACCATALYST = NO;
				SUPPORTS_MAC_DESIGNED_FOR_IPHONE_IPAD = NO;
				SWIFT_EMIT_LOC_STRINGS = YES;
				SWIFT_VERSION = 5.0;
				TARGETED_DEVICE_FAMILY = 1;
			};
			name = Release;
		};
/* End XCBuildConfiguration section */

/* Begin XCConfigurationList section */
		F918017D29CEECCB00767F16 /* Build configuration list for PBXProject "Tracker" */ = {
			isa = XCConfigurationList;
			buildConfigurations = (
				F918019429CEECCC00767F16 /* Debug */,
				F918019529CEECCC00767F16 /* Release */,
			);
			defaultConfigurationIsVisible = 0;
			defaultConfigurationName = Release;
		};
		F918019629CEECCC00767F16 /* Build configuration list for PBXNativeTarget "Tracker" */ = {
			isa = XCConfigurationList;
			buildConfigurations = (
				F918019729CEECCC00767F16 /* Debug */,
				F918019829CEECCC00767F16 /* Release */,
			);
			defaultConfigurationIsVisible = 0;
			defaultConfigurationName = Release;
		};
/* End XCConfigurationList section */

/* Begin XCRemoteSwiftPackageReference section */
		F9118A3129DF299400B530D6 /* XCRemoteSwiftPackageReference "SnapKit" */ = {
			isa = XCRemoteSwiftPackageReference;
			repositoryURL = "https://github.com/SnapKit/SnapKit";
			requirement = {
				kind = upToNextMajorVersion;
				minimumVersion = 5.0.0;
			};
		};
/* End XCRemoteSwiftPackageReference section */

/* Begin XCSwiftPackageProductDependency section */
		F9118A3229DF299400B530D6 /* SnapKit */ = {
			isa = XCSwiftPackageProductDependency;
			package = F9118A3129DF299400B530D6 /* XCRemoteSwiftPackageReference "SnapKit" */;
			productName = SnapKit;
		};
/* End XCSwiftPackageProductDependency section */

/* Begin XCVersionGroup section */
		F96F65E729F05DE800C72A6A /* TrackerModel.xcdatamodeld */ = {
			isa = XCVersionGroup;
			children = (
				F96F65E829F05DE800C72A6A /* CoreDataTracker.xcdatamodel */,
			);
			currentVersion = F96F65E829F05DE800C72A6A /* CoreDataTracker.xcdatamodel */;
			path = TrackerModel.xcdatamodeld;
			sourceTree = "<group>";
			versionGroupType = wrapper.xcdatamodel;
		};
/* End XCVersionGroup section */
	};
	rootObject = F918017A29CEECCB00767F16 /* Project object */;
}
